
Microsoft Visual Studio Solution File, Format Version 12.00
# Visual Studio Version 17
VisualStudioVersion = 17.9.34728.123
MinimumVisualStudioVersion = 10.0.40219.1
Project("{FAE04EC0-301F-11D3-BF4B-00C04F79EFBC}") = "MusicPlayer", "MusicPlayer\MusicPlayer.csproj", "{2C37E110-F4FD-429C-BA00-451123E6ABBA}"
EndProject
Global
	GlobalSection(SolutionConfigurationPlatforms) = preSolution
		Debug|Any CPU = Debug|Any CPU
		Release|Any CPU = Release|Any CPU
	EndGlobalSection
	GlobalSection(ProjectConfigurationPlatforms) = postSolution
		{2C37E110-F4FD-429C-BA00-451123E6ABBA}.Debug|Any CPU.ActiveCfg = Debug|Any CPU
		{2C37E110-F4FD-429C-BA00-451123E6ABBA}.Debug|Any CPU.Build.0 = Debug|Any CPU
		{2C37E110-F4FD-429C-BA00-451123E6ABBA}.Release|Any CPU.ActiveCfg = Release|Any CPU
		{2C37E110-F4FD-429C-BA00-451123E6ABBA}.Release|Any CPU.Build.0 = Release|Any CPU
	EndGlobalSection
	GlobalSection(SolutionProperties) = preSolution
		HideSolutionNode = FALSE
	EndGlobalSection
	GlobalSection(ExtensibilityGlobals) = postSolution
		SolutionGuid = {6D3CB6E7-DB6F-4277-B6AD-2B8947B841DA}
	EndGlobalSection
EndGlobal
